{
  "name": "node-sitemap-generator",
  "version": "1.0.0",
  "lockfileVersion": 1,
  "requires": true,
  "dependencies": {
    "@types/node": {
      "version": "15.9.0",
      "resolved": "https://registry.npmjs.org/@types/node/-/node-15.9.0.tgz",
      "integrity": "sha512-AR1Vq1Ei1GaA5FjKL5PBqblTZsL5M+monvGSZwe6sSIdGiuu7Xr/pNwWJY+0ZQuN8AapD/XMB5IzBAyYRFbocA==",
      "dev": true
    },
    "jsonschema": {
      "version": "1.4.0",
      "resolved": "https://registry.npmjs.org/jsonschema/-/jsonschema-1.4.0.tgz",
      "integrity": "sha512-/YgW6pRMr6M7C+4o8kS+B/2myEpHCrxO4PEWnqJNBFMjn7EWXqlQ4tGwL6xTHeRplwuZmcAncdvfOad1nT2yMw=="
    },
    "typescript": {
      "version": "4.3.2",
      "resolved": "https://registry.npmjs.org/typescript/-/typescript-4.3.2.tgz",
      "integrity": "sha512-zZ4hShnmnoVnAHpVHWpTcxdv7dWP60S2FsydQLV8V5PbS3FifjWFFRiHSWpDJahly88PRyV5teTSLoq4eG7mKw=="
    },
    "xml-formatter": {
      "version": "2.4.0",
      "resolved": "https://registry.npmjs.org/xml-formatter/-/xml-formatter-2.4.0.tgz",
      "integrity": "sha512-xTQ2IfbkCQKn0DGN5SD5KUgTgVohWiolyOXTLUHKJczIuSeGonN0BPduB9VQR5HOEuT1KOHQsOHSmTpU76zpUA==",
      "requires": {
        "xml-parser-xo": "^3.1.1"
      }
    },
    "xml-parser-xo": {
      "version": "3.1.1",
      "resolved": "https://registry.npmjs.org/xml-parser-xo/-/xml-parser-xo-3.1.1.tgz",
      "integrity": "sha512-gq1nDlJxjKQpPPZUhLbJ52pghtlB4Rz6LAQULm3SF6xzOYVnUloBglNhJR9vtZB3vIxMN/R3nZTf3qmun+6GCg=="
    }
  }
}
